
Microsoft Visual Studio Solution File, Format Version 12.00
Project("{FAE04EC0-301F-11D3-BF4B-00C04F79EFBC}") = "RollUrOwnAuth", "RollUrOwnAuth\RollUrOwnAuth.csproj", "{E8E56FA9-72A1-401C-AC69-5CE8D715B412}"
EndProject
Project("{FAE04EC0-301F-11D3-BF4B-00C04F79EFBC}") = "IdentityEndpoints", "IdentityEndpoints\IdentityEndpoints.csproj", "{E9893BE2-3042-4074-86C0-AA48333C883D}"
EndProject
Global
	GlobalSection(SolutionConfigurationPlatforms) = preSolution
		Debug|Any CPU = Debug|Any CPU
		Release|Any CPU = Release|Any CPU
	EndGlobalSection
	GlobalSection(ProjectConfigurationPlatforms) = postSolution
		{E8E56FA9-72A1-401C-AC69-5CE8D715B412}.Debug|Any CPU.ActiveCfg = Debug|Any CPU
		{E8E56FA9-72A1-401C-AC69-5CE8D715B412}.Debug|Any CPU.Build.0 = Debug|Any CPU
		{E8E56FA9-72A1-401C-AC69-5CE8D715B412}.Release|Any CPU.ActiveCfg = Release|Any CPU
		{E8E56FA9-72A1-401C-AC69-5CE8D715B412}.Release|Any CPU.Build.0 = Release|Any CPU
		{E9893BE2-3042-4074-86C0-AA48333C883D}.Debug|Any CPU.ActiveCfg = Debug|Any CPU
		{E9893BE2-3042-4074-86C0-AA48333C883D}.Debug|Any CPU.Build.0 = Debug|Any CPU
		{E9893BE2-3042-4074-86C0-AA48333C883D}.Release|Any CPU.ActiveCfg = Release|Any CPU
		{E9893BE2-3042-4074-86C0-AA48333C883D}.Release|Any CPU.Build.0 = Release|Any CPU
	EndGlobalSection
EndGlobal
